
Microsoft Visual Studio Solution File, Format Version 12.00
# Visual Studio 2012
Project("{E24C65DC-7377-472B-9ABA-BC803B73C61A}") = "Dem2Client", "Dem2Client", "{5D3004C3-359B-450A-BF20-8CFA04C88C23}"
	ProjectSection(WebsiteProperties) = preProject
		TargetFrameworkMoniker = ".NETFramework,Version%3Dv4.0"
		Debug.AspNetCompiler.VirtualPath = "/Dem2Client"
		Debug.AspNetCompiler.PhysicalPath = "Dem2Client\"
		Debug.AspNetCompiler.TargetPath = "PrecompiledWeb\Dem2Client\"
		Debug.AspNetCompiler.Updateable = "true"
		Debug.AspNetCompiler.ForceOverwrite = "true"
		Debug.AspNetCompiler.FixedNames = "false"
		Debug.AspNetCompiler.Debug = "True"
		Release.AspNetCompiler.VirtualPath = "/Dem2Client"
		Release.AspNetCompiler.PhysicalPath = "Dem2Client\"
		Release.AspNetCompiler.TargetPath = "PrecompiledWeb\Dem2Client\"
		Release.AspNetCompiler.Updateable = "true"
		Release.AspNetCompiler.ForceOverwrite = "true"
		Release.AspNetCompiler.FixedNames = "false"
		Release.AspNetCompiler.Debug = "False"
		VWDPort = "42209"
		VWDVirtualPath = "/"
	EndProjectSection
EndProject
Global
	GlobalSection(SolutionConfigurationPlatforms) = preSolution
		Debug|Any CPU = Debug|Any CPU
	EndGlobalSection
	GlobalSection(ProjectConfigurationPlatforms) = postSolution
		{5D3004C3-359B-450A-BF20-8CFA04C88C23}.Debug|Any CPU.ActiveCfg = Debug|Any CPU
		{5D3004C3-359B-450A-BF20-8CFA04C88C23}.Debug|Any CPU.Build.0 = Debug|Any CPU
	EndGlobalSection
	GlobalSection(SolutionProperties) = preSolution
		HideSolutionNode = FALSE
	EndGlobalSection
EndGlobal
